
Microsoft Visual Studio Solution File, Format Version 12.00
# Visual Studio Version 16
VisualStudioVersion = 16.0.31911.196
MinimumVisualStudioVersion = 10.0.40219.1
Project("{FAE04EC0-301F-11D3-BF4B-00C04F79EFBC}") = "test", "test\test.csproj", "{42ADB591-5605-425F-B63D-E89E78C2A8AA}"
EndProject
Global
	GlobalSection(SolutionConfigurationPlatforms) = preSolution
		Debug|Any CPU = Debug|Any CPU
		Release|Any CPU = Release|Any CPU
	EndGlobalSection
	GlobalSection(ProjectConfigurationPlatforms) = postSolution
		{42ADB591-5605-425F-B63D-E89E78C2A8AA}.Debug|Any CPU.ActiveCfg = Debug|Any CPU
		{42ADB591-5605-425F-B63D-E89E78C2A8AA}.Debug|Any CPU.Build.0 = Debug|Any CPU
		{42ADB591-5605-425F-B63D-E89E78C2A8AA}.Release|Any CPU.ActiveCfg = Release|Any CPU
		{42ADB591-5605-425F-B63D-E89E78C2A8AA}.Release|Any CPU.Build.0 = Release|Any CPU
	EndGlobalSection
	GlobalSection(SolutionProperties) = preSolution
		HideSolutionNode = FALSE
	EndGlobalSection
	GlobalSection(ExtensibilityGlobals) = postSolution
		SolutionGuid = {2E62E52D-C5C4-40E8-BAFC-6A66BF4B0359}
	EndGlobalSection
EndGlobal
